
Microsoft Visual Studio Solution File, Format Version 12.00
# Visual Studio Version 17
VisualStudioVersion = 17.9.34728.123
MinimumVisualStudioVersion = 10.0.40219.1
Project("{9A19103F-16F7-4668-BE54-9A1E7A4F7556}") = "MauiApp1", "MauiApp1\MauiApp1.csproj", "{87D82835-6D08-4236-BC15-95F7237CB54E}"
EndProject
Global
	GlobalSection(SolutionConfigurationPlatforms) = preSolution
		Debug|Any CPU = Debug|Any CPU
		Release|Any CPU = Release|Any CPU
	EndGlobalSection
	GlobalSection(ProjectConfigurationPlatforms) = postSolution
		{87D82835-6D08-4236-BC15-95F7237CB54E}.Debug|Any CPU.ActiveCfg = Debug|Any CPU
		{87D82835-6D08-4236-BC15-95F7237CB54E}.Debug|Any CPU.Build.0 = Debug|Any CPU
		{87D82835-6D08-4236-BC15-95F7237CB54E}.Debug|Any CPU.Deploy.0 = Debug|Any CPU
		{87D82835-6D08-4236-BC15-95F7237CB54E}.Release|Any CPU.ActiveCfg = Release|Any CPU
		{87D82835-6D08-4236-BC15-95F7237CB54E}.Release|Any CPU.Build.0 = Release|Any CPU
		{87D82835-6D08-4236-BC15-95F7237CB54E}.Release|Any CPU.Deploy.0 = Release|Any CPU
	EndGlobalSection
	GlobalSection(SolutionProperties) = preSolution
		HideSolutionNode = FALSE
	EndGlobalSection
	GlobalSection(ExtensibilityGlobals) = postSolution
		SolutionGuid = {CC84D514-98A4-4555-BDF1-0C883E553607}
	EndGlobalSection
EndGlobal
